<?xml version="1.0" encoding="utf-8"?>
<Project ToolsVersion="4.0" xmlns="http://schemas.microsoft.com/developer/msbuild/2003">
  <ItemGroup>
    <Filter Include="Source Files">
      <UniqueIdentifier>{4FC737F1-C7A5-4376-A066-2A32D752A2FF}</UniqueIdentifier>
      <Extensions>cpp;c;cc;cxx;def;odl;idl;hpj;bat;asm;asmx</Extensions>
    </Filter>
    <Filter Include="Header Files">
      <UniqueIdentifier>{93995380-89BD-4b04-88EB-625FBE52EBFB}</UniqueIdentifier>
      <Extensions>h;hpp;hxx;hm;inl;inc;xsd</Extensions>
    </Filter>
    <Filter Include="Header Files\Controllers">
      <UniqueIdentifier>{c3cc530b-9ba9-4584-98e3-d877cfdf63f7}</UniqueIdentifier>
    </Filter>
    <Filter Include="Header Files\Models">
      <UniqueIdentifier>{a45385e6-05f5-4aec-b6e0-332486d0eed8}</UniqueIdentifier>
    </Filter>
    <Filter Include="Header Files\Models\Person">
      <UniqueIdentifier>{e8f55e41-d0d1-4843-a6ef-a640ffaeb2fb}</UniqueIdentifier>
    </Filter>
    <Filter Include="Header Files\Models\Room">
      <UniqueIdentifier>{f582162c-1063-4fbb-8682-8f3673560412}</UniqueIdentifier>
    </Filter>
    <Filter Include="Header Files\Queues">
      <UniqueIdentifier>{a30abc02-ce45-4662-9649-50327c5f4f5b}</UniqueIdentifier>
    </Filter>
    <Filter Include="Header Files\Views">
      <UniqueIdentifier>{62b4b97e-9097-48e3-aa8f-9150e60c000a}</UniqueIdentifier>
    </Filter>
    <Filter Include="Header Files\Views\ModelsViews">
      <UniqueIdentifier>{29ac494e-b3d9-476a-8ed8-0306590eaa70}</UniqueIdentifier>
    </Filter>
  </ItemGroup>
  <ItemGroup>
    <ClInclude Include="IPerson.h">
      <Filter>Header Files\Models\Person</Filter>
    </ClInclude>
    <ClInclude Include="Teacher.h">
      <Filter>Header Files\Models\Person</Filter>
    </ClInclude>
    <ClInclude Include="Student.h">
      <Filter>Header Files\Models\Person</Filter>
    </ClInclude>
    <ClInclude Include="IRoom.h">
      <Filter>Header Files\Models\Room</Filter>
    </ClInclude>
    <ClInclude Include="LabRoom.h">
      <Filter>Header Files\Models\Room</Filter>
    </ClInclude>
    <ClInclude Include="ExerciseRoom.h">
      <Filter>Header Files\Models\Room</Filter>
    </ClInclude>
    <ClInclude Include="DataContext.h">
      <Filter>Header Files</Filter>
    </ClInclude>
    <ClInclude Include="Group.h">
      <Filter>Header Files\Models</Filter>
    </ClInclude>
    <ClInclude Include="Reservation.h">
      <Filter>Header Files\Models</Filter>
    </ClInclude>
    <ClInclude Include="ReservationController.h">
      <Filter>Header Files\Controllers</Filter>
    </ClInclude>
    <ClInclude Include="TAntiCollisionQueue.h">
      <Filter>Header Files\Queues</Filter>
    </ClInclude>
    <ClInclude Include="GroupController.h">
      <Filter>Header Files\Controllers</Filter>
    </ClInclude>
    <ClInclude Include="IController.h">
      <Filter>Header Files\Controllers</Filter>
    </ClInclude>
    <ClInclude Include="StudentController.h">
      <Filter>Header Files\Controllers</Filter>
    </ClInclude>
    <ClInclude Include="TeacherController.h">
      <Filter>Header Files\Controllers</Filter>
    </ClInclude>
    <ClInclude Include="RoomController.h">
      <Filter>Header Files\Controllers</Filter>
    </ClInclude>
    <ClInclude Include="MainPageView.h">
      <Filter>Header Files\Views</Filter>
    </ClInclude>
    <ClInclude Include="TeachersView.h">
      <Filter>Header Files\Views\ModelsViews</Filter>
    </ClInclude>
    <ClInclude Include="GroupsView.h">
      <Filter>Header Files\Views\ModelsViews</Filter>
    </ClInclude>
    <ClInclude Include="ReservationsView.h">
      <Filter>Header Files\Views\ModelsViews</Filter>
    </ClInclude>
    <ClInclude Include="RoomsView.h">
      <Filter>Header Files\Views\ModelsViews</Filter>
    </ClInclude>
    <ClInclude Include="StudentsView.h">
      <Filter>Header Files\Views\ModelsViews</Filter>
    </ClInclude>
    <ClInclude Include="TDataQueue.h">
      <Filter>Header Files\Queues</Filter>
    </ClInclude>
    <ClInclude Include="ISerializable.h">
      <Filter>Header Files\Models</Filter>
    </ClInclude>
  </ItemGroup>
  <ItemGroup>
    <ClCompile Include="main.cpp">
      <Filter>Source Files</Filter>
    </ClCompile>
  </ItemGroup>
</Project>